
Microsoft Visual Studio Solution File, Format Version 12.00
# Visual Studio 14
VisualStudioVersion = 14.0.25123.0
MinimumVisualStudioVersion = 10.0.40219.1
Project("{FAE04EC0-301F-11D3-BF4B-00C04F79EFBC}") = "SignalRBoard.WebUI", "SignalRBoard.WebUI\SignalRBoard.WebUI.csproj", "{5E35FE6D-2AF0-4F7D-80E4-7187F7E40D37}"
EndProject
Project("{00D1A9C2-B5F0-4AF3-8072-F6C62B433612}") = "SignalRBoard.Database", "SignalRBoard.Database\SignalRBoard.Database.sqlproj", "{D435D67B-F102-4393-AB7C-287E00280096}"
EndProject
Project("{FAE04EC0-301F-11D3-BF4B-00C04F79EFBC}") = "SignalRBoard.DataAccess", "SignalRBoard.DataAccess\SignalRBoard.DataAccess.csproj", "{04CB5EAF-6F37-4179-9E0A-259450C94E31}"
EndProject
Project("{FAE04EC0-301F-11D3-BF4B-00C04F79EFBC}") = "SignalRBoard.DataModel", "SignalRBoard.DataModel\SignalRBoard.DataModel.csproj", "{2A2D17FA-018E-4E8A-85DF-AD0831A08F3C}"
EndProject
Project("{FAE04EC0-301F-11D3-BF4B-00C04F79EFBC}") = "SignalRBoard.Business", "SignalRBoard.Business\SignalRBoard.Business.csproj", "{2C5CD905-970C-4F21-B00C-0C5B8E33D30C}"
EndProject
Project("{2150E333-8FDC-42A3-9474-1A3956D46DE8}") = "Solution Items", "Solution Items", "{C8A9F4ED-31D7-4E17-8E66-E5F8543A1E63}"
EndProject
Global
	GlobalSection(SolutionConfigurationPlatforms) = preSolution
		Debug|Any CPU = Debug|Any CPU
		Release|Any CPU = Release|Any CPU
	EndGlobalSection
	GlobalSection(ProjectConfigurationPlatforms) = postSolution
		{5E35FE6D-2AF0-4F7D-80E4-7187F7E40D37}.Debug|Any CPU.ActiveCfg = Debug|Any CPU
		{5E35FE6D-2AF0-4F7D-80E4-7187F7E40D37}.Debug|Any CPU.Build.0 = Debug|Any CPU
		{5E35FE6D-2AF0-4F7D-80E4-7187F7E40D37}.Release|Any CPU.ActiveCfg = Release|Any CPU
		{5E35FE6D-2AF0-4F7D-80E4-7187F7E40D37}.Release|Any CPU.Build.0 = Release|Any CPU
		{D435D67B-F102-4393-AB7C-287E00280096}.Debug|Any CPU.ActiveCfg = Debug|Any CPU
		{D435D67B-F102-4393-AB7C-287E00280096}.Debug|Any CPU.Build.0 = Debug|Any CPU
		{D435D67B-F102-4393-AB7C-287E00280096}.Debug|Any CPU.Deploy.0 = Debug|Any CPU
		{D435D67B-F102-4393-AB7C-287E00280096}.Release|Any CPU.ActiveCfg = Release|Any CPU
		{D435D67B-F102-4393-AB7C-287E00280096}.Release|Any CPU.Build.0 = Release|Any CPU
		{D435D67B-F102-4393-AB7C-287E00280096}.Release|Any CPU.Deploy.0 = Release|Any CPU
		{04CB5EAF-6F37-4179-9E0A-259450C94E31}.Debug|Any CPU.ActiveCfg = Debug|Any CPU
		{04CB5EAF-6F37-4179-9E0A-259450C94E31}.Debug|Any CPU.Build.0 = Debug|Any CPU
		{04CB5EAF-6F37-4179-9E0A-259450C94E31}.Release|Any CPU.ActiveCfg = Release|Any CPU
		{04CB5EAF-6F37-4179-9E0A-259450C94E31}.Release|Any CPU.Build.0 = Release|Any CPU
		{2A2D17FA-018E-4E8A-85DF-AD0831A08F3C}.Debug|Any CPU.ActiveCfg = Debug|Any CPU
		{2A2D17FA-018E-4E8A-85DF-AD0831A08F3C}.Debug|Any CPU.Build.0 = Debug|Any CPU
		{2A2D17FA-018E-4E8A-85DF-AD0831A08F3C}.Release|Any CPU.ActiveCfg = Release|Any CPU
		{2A2D17FA-018E-4E8A-85DF-AD0831A08F3C}.Release|Any CPU.Build.0 = Release|Any CPU
		{2C5CD905-970C-4F21-B00C-0C5B8E33D30C}.Debug|Any CPU.ActiveCfg = Debug|Any CPU
		{2C5CD905-970C-4F21-B00C-0C5B8E33D30C}.Debug|Any CPU.Build.0 = Debug|Any CPU
		{2C5CD905-970C-4F21-B00C-0C5B8E33D30C}.Release|Any CPU.ActiveCfg = Release|Any CPU
		{2C5CD905-970C-4F21-B00C-0C5B8E33D30C}.Release|Any CPU.Build.0 = Release|Any CPU
	EndGlobalSection
	GlobalSection(SolutionProperties) = preSolution
		HideSolutionNode = FALSE
	EndGlobalSection
EndGlobal
